
Microsoft Visual Studio Solution File, Format Version 12.00
# Visual Studio Version 16
VisualStudioVersion = 16.0.31025.194
MinimumVisualStudioVersion = 10.0.40219.1
Project("{9A19103F-16F7-4668-BE54-9A1E7A4F7556}") = "Busienss", "Busienss\Busienss.csproj", "{8E46696D-845B-4AEE-B6BF-65F150BB1D48}"
EndProject
Project("{9A19103F-16F7-4668-BE54-9A1E7A4F7556}") = "DataAccess", "DataAccess\DataAccess.csproj", "{28791746-A1BC-4684-9AB5-2C940F38ADFF}"
EndProject
Project("{9A19103F-16F7-4668-BE54-9A1E7A4F7556}") = "Entities", "Entities\Entities.csproj", "{1F2E77E7-05CD-46AB-92BB-6EF984D5D7C3}"
EndProject
Project("{9A19103F-16F7-4668-BE54-9A1E7A4F7556}") = "DietProject", "DietProject\DietProject.csproj", "{AD25A1EE-29E4-4085-A40D-D9D63ED1F78F}"
EndProject
Project("{9A19103F-16F7-4668-BE54-9A1E7A4F7556}") = "CreateReports", "CreateReports\CreateReports.csproj", "{FFBA231E-CEF0-4675-A3F0-F880692D8DE3}"
EndProject
Global
	GlobalSection(SolutionConfigurationPlatforms) = preSolution
		Debug|Any CPU = Debug|Any CPU
		Release|Any CPU = Release|Any CPU
	EndGlobalSection
	GlobalSection(ProjectConfigurationPlatforms) = postSolution
		{8E46696D-845B-4AEE-B6BF-65F150BB1D48}.Debug|Any CPU.ActiveCfg = Debug|Any CPU
		{8E46696D-845B-4AEE-B6BF-65F150BB1D48}.Debug|Any CPU.Build.0 = Debug|Any CPU
		{8E46696D-845B-4AEE-B6BF-65F150BB1D48}.Release|Any CPU.ActiveCfg = Release|Any CPU
		{8E46696D-845B-4AEE-B6BF-65F150BB1D48}.Release|Any CPU.Build.0 = Release|Any CPU
		{28791746-A1BC-4684-9AB5-2C940F38ADFF}.Debug|Any CPU.ActiveCfg = Debug|Any CPU
		{28791746-A1BC-4684-9AB5-2C940F38ADFF}.Debug|Any CPU.Build.0 = Debug|Any CPU
		{28791746-A1BC-4684-9AB5-2C940F38ADFF}.Release|Any CPU.ActiveCfg = Release|Any CPU
		{28791746-A1BC-4684-9AB5-2C940F38ADFF}.Release|Any CPU.Build.0 = Release|Any CPU
		{1F2E77E7-05CD-46AB-92BB-6EF984D5D7C3}.Debug|Any CPU.ActiveCfg = Debug|Any CPU
		{1F2E77E7-05CD-46AB-92BB-6EF984D5D7C3}.Debug|Any CPU.Build.0 = Debug|Any CPU
		{1F2E77E7-05CD-46AB-92BB-6EF984D5D7C3}.Release|Any CPU.ActiveCfg = Release|Any CPU
		{1F2E77E7-05CD-46AB-92BB-6EF984D5D7C3}.Release|Any CPU.Build.0 = Release|Any CPU
		{AD25A1EE-29E4-4085-A40D-D9D63ED1F78F}.Debug|Any CPU.ActiveCfg = Debug|Any CPU
		{AD25A1EE-29E4-4085-A40D-D9D63ED1F78F}.Debug|Any CPU.Build.0 = Debug|Any CPU
		{AD25A1EE-29E4-4085-A40D-D9D63ED1F78F}.Release|Any CPU.ActiveCfg = Release|Any CPU
		{AD25A1EE-29E4-4085-A40D-D9D63ED1F78F}.Release|Any CPU.Build.0 = Release|Any CPU
		{FFBA231E-CEF0-4675-A3F0-F880692D8DE3}.Debug|Any CPU.ActiveCfg = Debug|Any CPU
		{FFBA231E-CEF0-4675-A3F0-F880692D8DE3}.Debug|Any CPU.Build.0 = Debug|Any CPU
		{FFBA231E-CEF0-4675-A3F0-F880692D8DE3}.Release|Any CPU.ActiveCfg = Release|Any CPU
		{FFBA231E-CEF0-4675-A3F0-F880692D8DE3}.Release|Any CPU.Build.0 = Release|Any CPU
	EndGlobalSection
	GlobalSection(SolutionProperties) = preSolution
		HideSolutionNode = FALSE
	EndGlobalSection
	GlobalSection(ExtensibilityGlobals) = postSolution
		SolutionGuid = {7C7AFBFE-61C6-4653-82C9-A61AD9633EB9}
	EndGlobalSection
EndGlobal
